// !$*UTF8*$!
{
	archiveVersion = 1;
	classes = {
	};
	objectVersion = 46;
	objects = {

/* Begin PBXBuildFile section */
		36095FF11C7B77ED001115F8 /* main.c in Sources */ = {isa = PBXBuildFile; fileRef = 36095FF01C7B77ED001115F8 /* main.c */; };
		36095FF91C7B7810001115F8 /* functions.c in Sources */ = {isa = PBXBuildFile; fileRef = 36095FF71C7B7810001115F8 /* functions.c */; };
/* End PBXBuildFile section */

/* Begin PBXCopyFilesBuildPhase section */
		36095FEB1C7B77ED001115F8 /* CopyFiles */ = {
			isa = PBXCopyFilesBuildPhase;
			buildActionMask = 2147483647;
			dstPath = /usr/share/man/man1/;
			dstSubfolderSpec = 0;
			files = (
			);
			runOnlyForDeploymentPostprocessing = 1;
		};
/* End PBXCopyFilesBuildPhase section */

/* Begin PBXFileReference section */
		36095FED1C7B77ED001115F8 /* LinkedList Various Value Type */ = {isa = PBXFileReference; explicitFileType = "compiled.mach-o.executable"; includeInIndex = 0; path = "LinkedList Various Value Type"; sourceTree = BUILT_PRODUCTS_DIR; };
		36095FF01C7B77ED001115F8 /* main.c */ = {isa = PBXFileReference; lastKnownFileType = sourcecode.c.c; path = main.c; sourceTree = "<group>"; };
		36095FF71C7B7810001115F8 /* functions.c */ = {isa = PBXFileReference; fileEncoding = 4; lastKnownFileType = sourcecode.c.c; path = functions.c; sourceTree = "<group>"; };
		36095FF81C7B7810001115F8 /* functions.h */ = {isa = PBXFileReference; fileEncoding = 4; lastKnownFileType = sourcecode.c.h; path = functions.h; sourceTree = "<group>"; };
/* End PBXFileReference section */

/* Begin PBXFrameworksBuildPhase section */
		36095FEA1C7B77ED001115F8 /* Frameworks */ = {
			isa = PBXFrameworksBuildPhase;
			buildActionMask = 2147483647;
			files = (
			);
			runOnlyForDeploymentPostprocessing = 0;
		};
/* End PBXFrameworksBuildPhase section */

/* Begin PBXGroup section */
		36095FE41C7B77ED001115F8 = {
			isa = PBXGroup;
			children = (
				36095FEF1C7B77ED001115F8 /* LinkedList Various Value Type */,
				36095FEE1C7B77ED001115F8 /* Products */,
			);
			sourceTree = "<group>";
		};
		36095FEE1C7B77ED001115F8 /* Products */ = {
			isa = PBXGroup;
			children = (
				36095FED1C7B77ED001115F8 /* LinkedList Various Value Type */,
			);
			name = Products;
			sourceTree = "<group>";
		};
		36095FEF1C7B77ED001115F8 /* LinkedList Various Value Type */ = {
			isa = PBXGroup;
			children = (
				36095FF01C7B77ED001115F8 /* main.c */,
				36095FF71C7B7810001115F8 /* functions.c */,
				36095FF81C7B7810001115F8 /* functions.h */,
			);
			path = "LinkedList Various Value Type";
			sourceTree = "<group>";
		};
/* End PBXGroup section */

/* Begin PBXNativeTarget section */
		36095FEC1C7B77ED001115F8 /* LinkedList Various Value Type */ = {
			isa = PBXNativeTarget;
			buildConfigurationList = 36095FF41C7B77ED001115F8 /* Build configuration list for PBXNativeTarget "LinkedList Various Value Type" */;
			buildPhases = (
				36095FE91C7B77ED001115F8 /* Sources */,
				36095FEA1C7B77ED001115F8 /* Frameworks */,
				36095FEB1C7B77ED001115F8 /* CopyFiles */,
			);
			buildRules = (
			);
			dependencies = (
			);
			name = "LinkedList Various Value Type";
			productName = "LinkedList Various Value Type";
			productReference = 36095FED1C7B77ED001115F8 /* LinkedList Various Value Type */;
			productType = "com.apple.product-type.tool";
		};
/* End PBXNativeTarget section */

/* Begin PBXProject section */
		36095FE51C7B77ED001115F8 /* Project object */ = {
			isa = PBXProject;
			attributes = {
				LastUpgradeCheck = 0720;
				ORGANIZATIONNAME = "Luc-Olivier";
				TargetAttributes = {
					36095FEC1C7B77ED001115F8 = {
						CreatedOnToolsVersion = 7.2.1;
					};
				};
			};
			buildConfigurationList = 36095FE81C7B77ED001115F8 /* Build configuration list for PBXProject "LinkedList Various Value Type" */;
			compatibilityVersion = "Xcode 3.2";
			developmentRegion = English;
			hasScannedForEncodings = 0;
			knownRegions = (
				en,
			);
			mainGroup = 36095FE41C7B77ED001115F8;
			productRefGroup = 36095FEE1C7B77ED001115F8 /* Products */;
			projectDirPath = "";
			projectRoot = "";
			targets = (
				36095FEC1C7B77ED001115F8 /* LinkedList Various Value Type */,
			);
		};
/* End PBXProject section */

/* Begin PBXSourcesBuildPhase section */
		36095FE91C7B77ED001115F8 /* Sources */ = {
			isa = PBXSourcesBuildPhase;
			buildActionMask = 2147483647;
			files = (
				36095FF11C7B77ED001115F8 /* main.c in Sources */,
				36095FF91C7B7810001115F8 /* functions.c in Sources */,
			);
			runOnlyForDeploymentPostprocessing = 0;
		};
/* End PBXSourcesBuildPhase section */

/* Begin XCBuildConfiguration section */
		36095FF21C7B77ED001115F8 /* Debug */ = {
			isa = XCBuildConfiguration;
			buildSettings = {
				ALWAYS_SEARCH_USER_PATHS = NO;
				CLANG_CXX_LANGUAGE_STANDARD = "gnu++0x";
				CLANG_CXX_LIBRARY = "libc++";
				CLANG_ENABLE_MODULES = YES;
				CLANG_ENABLE_OBJC_ARC = YES;
				CLANG_WARN_BOOL_CONVERSION = YES;
				CLANG_WARN_CONSTANT_CONVERSION = YES;
				CLANG_WARN_DIRECT_OBJC_ISA_USAGE = YES_ERROR;
				CLANG_WARN_EMPTY_BODY = YES;
				CLANG_WARN_ENUM_CONVERSION = YES;
				CLANG_WARN_INT_CONVERSION = YES;
				CLANG_WARN_OBJC_ROOT_CLASS = YES_ERROR;
				CLANG_WARN_UNREACHABLE_CODE = YES;
				CLANG_WARN__DUPLICATE_METHOD_MATCH = YES;
				CODE_SIGN_IDENTITY = "-";
				COPY_PHASE_STRIP = NO;
				DEBUG_INFORMATION_FORMAT = dwarf;
				ENABLE_STRICT_OBJC_MSGSEND = YES;
				ENABLE_TESTABILITY = YES;
				GCC_C_LANGUAGE_STANDARD = gnu99;
				GCC_DYNAMIC_NO_PIC = NO;
				GCC_NO_COMMON_BLOCKS = YES;
				GCC_OPTIMIZATION_LEVEL = 0;
				GCC_PREPROCESSOR_DEFINITIONS = (
					"DEBUG=1",
					"$(inherited)",
				);
				GCC_WARN_64_TO_32_BIT_CONVERSION = YES;
				GCC_WARN_ABOUT_RETURN_TYPE = YES_ERROR;
				GCC_WARN_UNDECLARED_SELECTOR = YES;
				GCC_WARN_UNINITIALIZED_AUTOS = YES_AGGRESSIVE;
				GCC_WARN_UNUSED_FUNCTION = YES;
				GCC_WARN_UNUSED_VARIABLE = YES;
				MACOSX_DEPLOYMENT_TARGET = 10.11;
				MTL_ENABLE_DEBUG_INFO = YES;
				ONLY_ACTIVE_ARCH = YES;
				SDKROOT = macosx;
			};
			name = Debug;
		};
		36095FF31C7B77ED001115F8 /* Release */ = {
			isa = XCBuildConfiguration;
			buildSettings = {
				ALWAYS_SEARCH_USER_PATHS = NO;
				CLANG_CXX_LANGUAGE_STANDARD = "gnu++0x";
				CLANG_CXX_LIBRARY = "libc++";
				CLANG_ENABLE_MODULES = YES;
				CLANG_ENABLE_OBJC_ARC = YES;
				CLANG_WARN_BOOL_CONVERSION = YES;
				CLANG_WARN_CONSTANT_CONVERSION = YES;
				CLANG_WARN_DIRECT_OBJC_ISA_USAGE = YES_ERROR;
				CLANG_WARN_EMPTY_BODY = YES;
				CLANG_WARN_ENUM_CONVERSION = YES;
				CLANG_WARN_INT_CONVERSION = YES;
				CLANG_WARN_OBJC_ROOT_CLASS = YES_ERROR;
				CLANG_WARN_UNREACHABLE_CODE = YES;
				CLANG_WARN__DUPLICATE_METHOD_MATCH = YES;
				CODE_SIGN_IDENTITY = "-";
				COPY_PHASE_STRIP = NO;
				DEBUG_INFORMATION_FORMAT = "dwarf-with-dsym";
				ENABLE_NS_ASSERTIONS = NO;
				ENABLE_STRICT_OBJC_MSGSEND = YES;
				GCC_C_LANGUAGE_STANDARD = gnu99;
				GCC_NO_COMMON_BLOCKS = YES;
				GCC_WARN_64_TO_32_BIT_CONVERSION = YES;
				GCC_WARN_ABOUT_RETURN_TYPE = YES_ERROR;
				GCC_WARN_UNDECLARED_SELECTOR = YES;
				GCC_WARN_UNINITIALIZED_AUTOS = YES_AGGRESSIVE;
				GCC_WARN_UNUSED_FUNCTION = YES;
				GCC_WARN_UNUSED_VARIABLE = YES;
				MACOSX_DEPLOYMENT_TARGET = 10.11;
				MTL_ENABLE_DEBUG_INFO = NO;
				SDKROOT = macosx;
			};
			name = Release;
		};
		36095FF51C7B77ED001115F8 /* Debug */ = {
			isa = XCBuildConfiguration;
			buildSettings = {
				PRODUCT_NAME = "$(TARGET_NAME)";
			};
			name = Debug;
		};
		36095FF61C7B77ED001115F8 /* Release */ = {
			isa = XCBuildConfiguration;
			buildSettings = {
				PRODUCT_NAME = "$(TARGET_NAME)";
			};
			name = Release;
		};
/* End XCBuildConfiguration section */

/* Begin XCConfigurationList section */
		36095FE81C7B77ED001115F8 /* Build configuration list for PBXProject "LinkedList Various Value Type" */ = {
			isa = XCConfigurationList;
			buildConfigurations = (
				36095FF21C7B77ED001115F8 /* Debug */,
				36095FF31C7B77ED001115F8 /* Release */,
			);
			defaultConfigurationIsVisible = 0;
			defaultConfigurationName = Release;
		};
		36095FF41C7B77ED001115F8 /* Build configuration list for PBXNativeTarget "LinkedList Various Value Type" */ = {
			isa = XCConfigurationList;
			buildConfigurations = (
				36095FF51C7B77ED001115F8 /* Debug */,
				36095FF61C7B77ED001115F8 /* Release */,
			);
			defaultConfigurationIsVisible = 0;
		};
/* End XCConfigurationList section */
	};
	rootObject = 36095FE51C7B77ED001115F8 /* Project object */;
}
